{
    "_meta": {
        "hash": {
            "sha256": "7829c9ccf51cbee4da4a52df65037f4cddb5b4e6dd538ac54994780149798c99"
        },
        "pipfile-spec": 6,
        "requires": {
            "python_version": "3.8"
        },
        "sources": [
            {
                "name": "pypi",
                "url": "https://pypi.org/simple",
                "verify_ssl": true
            }
        ]
    },
    "default": {
        "attrs": {
            "hashes": [
                "sha256:2d27e3784d7a565d36ab851fe94887c5eccd6a463168875832a1be79c82828b4",
                "sha256:626ba8234211db98e869df76230a137c4c40a12d72445c45d5f5b716f076e2fd"
            ],
            "markers": "python_version >= '2.7' and python_version not in '3.0, 3.1, 3.2, 3.3, 3.4'",
            "version": "==21.4.0"
        },
        "certifi": {
            "hashes": [
                "sha256:78884e7c1d4b00ce3cea67b44566851c4343c120abd683433ce934a68ea58872",
                "sha256:d62a0163eb4c2344ac042ab2bdf75399a71a2d8c7d47eac2e2ee91b9d6339569"
            ],
            "version": "==2021.10.8"
        },
        "charset-normalizer": {
            "hashes": [
                "sha256:876d180e9d7432c5d1dfd4c5d26b72f099d503e8fcc0feb7532c9289be60fcbd",
                "sha256:cb957888737fc0bbcd78e3df769addb41fd1ff8cf950dc9e7ad7793f1bf44455"
            ],
            "markers": "python_version >= '3'",
            "version": "==2.0.10"
        },
        "colorama": {
            "hashes": [
                "sha256:5941b2b48a20143d2267e95b1c2a7603ce057ee39fd88e7329b0c292aa16869b",
                "sha256:9f47eda37229f68eee03b24b9748937c7dc3868f906e8ba69fbcbdd3bc5dc3e2"
            ],
            "markers": "python_version >= '2.7' and python_version not in '3.0, 3.1, 3.2, 3.3, 3.4'",
            "version": "==0.4.4"
        },
        "cycler": {
            "hashes": [
                "sha256:3a27e95f763a428a739d2add979fa7494c912a32c17c4c38c4d5f082cad165a3",
                "sha256:9c87405839a19696e837b3b818fed3f5f69f16f1eec1a1ad77e043dcea9c772f"
            ],
            "markers": "python_version >= '3.6'",
            "version": "==0.11.0"
        },
        "idna": {
            "hashes": [
                "sha256:84d9dd047ffa80596e0f246e2eab0b391788b0503584e8945f2368256d2735ff",
                "sha256:9d643ff0a55b762d5cdb124b8eaa99c66322e2157b69160bc32796e824360e6d"
            ],
            "markers": "python_version >= '3'",
            "version": "==3.3"
        },
        "jsonschema": {
            "hashes": [
                "sha256:4e5b3cf8216f577bee9ce139cbe72eca3ea4f292ec60928ff24758ce626cd163",
                "sha256:c8a85b28d377cc7737e46e2d9f2b4f44ee3c0e1deac6bf46ddefc7187d30797a"
            ],
            "version": "==3.2.0"
        },
        "kiwisolver": {
            "hashes": [
                "sha256:0007840186bacfaa0aba4466d5890334ea5938e0bb7e28078a0eb0e63b5b59d5",
                "sha256:19554bd8d54cf41139f376753af1a644b63c9ca93f8f72009d50a2080f870f77",
                "sha256:1d45d1c74f88b9f41062716c727f78f2a59a5476ecbe74956fafb423c5c87a76",
                "sha256:1d819553730d3c2724582124aee8a03c846ec4362ded1034c16fb3ef309264e6",
                "sha256:2210f28778c7d2ee13f3c2a20a3a22db889e75f4ec13a21072eabb5693801e84",
                "sha256:22521219ca739654a296eea6d4367703558fba16f98688bd8ce65abff36eaa84",
                "sha256:25405f88a37c5f5bcba01c6e350086d65e7465fd1caaf986333d2a045045a223",
                "sha256:2b65bd35f3e06a47b5c30ea99e0c2b88f72c6476eedaf8cfbc8e66adb5479dcf",
                "sha256:2ddb500a2808c100e72c075cbb00bf32e62763c82b6a882d403f01a119e3f402",
                "sha256:2f8f6c8f4f1cff93ca5058d6ec5f0efda922ecb3f4c5fb76181f327decff98b8",
                "sha256:30fa008c172355c7768159983a7270cb23838c4d7db73d6c0f6b60dde0d432c6",
                "sha256:3dbb3cea20b4af4f49f84cffaf45dd5f88e8594d18568e0225e6ad9dec0e7967",
                "sha256:4116ba9a58109ed5e4cb315bdcbff9838f3159d099ba5259c7c7fb77f8537492",
                "sha256:44e6adf67577dbdfa2d9f06db9fbc5639afefdb5bf2b4dfec25c3a7fbc619536",
                "sha256:5326ddfacbe51abf9469fe668944bc2e399181a2158cb5d45e1d40856b2a0589",
                "sha256:70adc3658138bc77a36ce769f5f183169bc0a2906a4f61f09673f7181255ac9b",
                "sha256:72be6ebb4e92520b9726d7146bc9c9b277513a57a38efcf66db0620aec0097e0",
                "sha256:7843b1624d6ccca403a610d1277f7c28ad184c5aa88a1750c1a999754e65b439",
                "sha256:7ba5a1041480c6e0a8b11a9544d53562abc2d19220bfa14133e0cdd9967e97af",
                "sha256:80efd202108c3a4150e042b269f7c78643420cc232a0a771743bb96b742f838f",
                "sha256:82f49c5a79d3839bc8f38cb5f4bfc87e15f04cbafa5fbd12fb32c941cb529cfb",
                "sha256:83d2c9db5dfc537d0171e32de160461230eb14663299b7e6d18ca6dca21e4977",
                "sha256:8d93a1095f83e908fc253f2fb569c2711414c0bfd451cab580466465b235b470",
                "sha256:8dc3d842fa41a33fe83d9f5c66c0cc1f28756530cd89944b63b072281e852031",
                "sha256:9661a04ca3c950a8ac8c47f53cbc0b530bce1b52f516a1e87b7736fec24bfff0",
                "sha256:a498bcd005e8a3fedd0022bb30ee0ad92728154a8798b703f394484452550507",
                "sha256:a7a4cf5bbdc861987a7745aed7a536c6405256853c94abc9f3287c3fa401b174",
                "sha256:b5074fb09429f2b7bc82b6fb4be8645dcbac14e592128beeff5461dcde0af09f",
                "sha256:b6a5431940f28b6de123de42f0eb47b84a073ee3c3345dc109ad550a3307dd28",
                "sha256:ba677bcaff9429fd1bf01648ad0901cea56c0d068df383d5f5856d88221fe75b",
                "sha256:bcadb05c3d4794eb9eee1dddf1c24215c92fb7b55a80beae7a60530a91060560",
                "sha256:bf7eb45d14fc036514c09554bf983f2a72323254912ed0c3c8e697b62c4c158f",
                "sha256:c358721aebd40c243894298f685a19eb0491a5c3e0b923b9f887ef1193ddf829",
                "sha256:c4550a359c5157aaf8507e6820d98682872b9100ce7607f8aa070b4b8af6c298",
                "sha256:c6572c2dab23c86a14e82c245473d45b4c515314f1f859e92608dcafbd2f19b8",
                "sha256:cba430db673c29376135e695c6e2501c44c256a81495da849e85d1793ee975ad",
                "sha256:dedc71c8eb9c5096037766390172c34fb86ef048b8e8958b4e484b9e505d66bc",
                "sha256:e6f5eb2f53fac7d408a45fbcdeda7224b1cfff64919d0f95473420a931347ae9",
                "sha256:ec2eba188c1906b05b9b49ae55aae4efd8150c61ba450e6721f64620c50b59eb",
                "sha256:ee040a7de8d295dbd261ef2d6d3192f13e2b08ec4a954de34a6fb8ff6422e24c",
                "sha256:eedd3b59190885d1ebdf6c5e0ca56828beb1949b4dfe6e5d0256a461429ac386",
                "sha256:f441422bb313ab25de7b3dbfd388e790eceb76ce01a18199ec4944b369017009",
                "sha256:f8eb7b6716f5b50e9c06207a14172cf2de201e41912ebe732846c02c830455b9",
                "sha256:fc4453705b81d03568d5b808ad8f09c77c47534f6ac2e72e733f9ca4714aa75c"
            ],
            "markers": "python_version >= '3.7'",
            "version": "==1.3.2"
        },
        "matplotlib": {
            "hashes": [
                "sha256:0bea5ec5c28d49020e5d7923c2725b837e60bc8be99d3164af410eb4b4c827da",
                "sha256:1c1779f7ab7d8bdb7d4c605e6ffaa0614b3e80f1e3c8ccf7b9269a22dbc5986b",
                "sha256:21b31057bbc5e75b08e70a43cefc4c0b2c2f1b1a850f4a0f7af044eb4163086c",
                "sha256:32fa638cc10886885d1ca3d409d4473d6a22f7ceecd11322150961a70fab66dd",
                "sha256:3a5c18dbd2c7c366da26a4ad1462fe3e03a577b39e3b503bbcf482b9cdac093c",
                "sha256:5826f56055b9b1c80fef82e326097e34dc4af8c7249226b7dd63095a686177d1",
                "sha256:6382bc6e2d7e481bcd977eb131c31dee96e0fb4f9177d15ec6fb976d3b9ace1a",
                "sha256:6475d0209024a77f869163ec3657c47fed35d9b6ed8bccba8aa0f0099fbbdaa8",
                "sha256:6a6a44f27aabe720ec4fd485061e8a35784c2b9ffa6363ad546316dfc9cea04e",
                "sha256:7a58f3d8fe8fac3be522c79d921c9b86e090a59637cb88e3bc51298d7a2c862a",
                "sha256:7ad19f3fb6145b9eb41c08e7cbb9f8e10b91291396bee21e9ce761bb78df63ec",
                "sha256:85f191bb03cb1a7b04b5c2cca4792bef94df06ef473bc49e2818105671766fee",
                "sha256:956c8849b134b4a343598305a3ca1bdd3094f01f5efc8afccdebeffe6b315247",
                "sha256:a9d8cb5329df13e0cdaa14b3b43f47b5e593ec637f13f14db75bb16e46178b05",
                "sha256:b1d5a2cedf5de05567c441b3a8c2651fbde56df08b82640e7f06c8cd91e201f6",
                "sha256:b26535b9de85326e6958cdef720ecd10bcf74a3f4371bf9a7e5b2e659c17e153",
                "sha256:c541ee5a3287efe066bbe358320853cf4916bc14c00c38f8f3d8d75275a405a9",
                "sha256:d8d994cefdff9aaba45166eb3de4f5211adb4accac85cbf97137e98f26ea0219",
                "sha256:df815378a754a7edd4559f8c51fc7064f779a74013644a7f5ac7a0c31f875866"
            ],
            "index": "pypi",
            "version": "==3.4.2"
        },
        "numpy": {
            "hashes": [
                "sha256:0cfe07133fd00b27edee5e6385e333e9eeb010607e8a46e1cd673f05f8596595",
                "sha256:11a1f3816ea82eed4178102c56281782690ab5993251fdfd75039aad4d20385f",
                "sha256:2762331de395739c91f1abb88041f94a080cb1143aeec791b3b223976228af3f",
                "sha256:283d9de87c0133ef98f93dfc09fad3fb382f2a15580de75c02b5bb36a5a159a5",
                "sha256:3d22662b4b10112c545c91a0741f2436f8ca979ab3d69d03d19322aa970f9695",
                "sha256:41388e32e40b41dd56eb37fcaa7488b2b47b0adf77c66154d6b89622c110dfe9",
                "sha256:42c16cec1c8cf2728f1d539bd55aaa9d6bb48a7de2f41eb944697293ef65a559",
                "sha256:47ee7a839f5885bc0c63a74aabb91f6f40d7d7b639253768c4199b37aede7982",
                "sha256:5a311ee4d983c487a0ab546708edbdd759393a3dc9cd30305170149fedd23c88",
                "sha256:5dc65644f75a4c2970f21394ad8bea1a844104f0fe01f278631be1c7eae27226",
                "sha256:6ed0d073a9c54ac40c41a9c2d53fcc3d4d4ed607670b9e7b0de1ba13b4cbfe6f",
                "sha256:76ba7c40e80f9dc815c5e896330700fd6e20814e69da9c1267d65a4d051080f1",
                "sha256:818b9be7900e8dc23e013a92779135623476f44a0de58b40c32a15368c01d471",
                "sha256:a024181d7aef0004d76fb3bce2a4c9f2e67a609a9e2a6ff2571d30e9976aa383",
                "sha256:a955e4128ac36797aaffd49ab44ec74a71c11d6938df83b1285492d277db5397",
                "sha256:a97a954a8c2f046d3817c2bce16e3c7e9a9c2afffaf0400f5c16df5172a67c9c",
                "sha256:a97e82c39d9856fe7d4f9b86d8a1e66eff99cf3a8b7ba48202f659703d27c46f",
                "sha256:b55b953a1bdb465f4dc181758570d321db4ac23005f90ffd2b434cc6609a63dd",
                "sha256:bb02929b0d6bfab4c48a79bd805bd7419114606947ec8284476167415171f55b",
                "sha256:bece0a4a49e60e472a6d1f70ac6cdea00f9ab80ff01132f96bd970cdd8a9e5a9",
                "sha256:e41e8951749c4b5c9a2dc5fdbc1a4eec6ab2a140fdae9b460b0f557eed870f4d",
                "sha256:f71d57cc8645f14816ae249407d309be250ad8de93ef61d9709b45a0ddf4050c"
            ],
            "markers": "python_version >= '3.8'",
            "version": "==1.22.0"
        },
        "packaging": {
            "hashes": [
                "sha256:dd47c42927d89ab911e606518907cc2d3a1f38bbd026385970643f9c5b8ecfeb",
                "sha256:ef103e05f519cdc783ae24ea4e2e0f508a9c99b2d4969652eed6a2e1ea5bd522"
            ],
            "markers": "python_version >= '3.6'",
            "version": "==21.3"
        },
        "pillow": {
            "hashes": [
                "sha256:03b27b197deb4ee400ed57d8d4e572d2d8d80f825b6634daf6e2c18c3c6ccfa6",
                "sha256:0b281fcadbb688607ea6ece7649c5d59d4bbd574e90db6cd030e9e85bde9fecc",
                "sha256:0ebd8b9137630a7bbbff8c4b31e774ff05bbb90f7911d93ea2c9371e41039b52",
                "sha256:113723312215b25c22df1fdf0e2da7a3b9c357a7d24a93ebbe80bfda4f37a8d4",
                "sha256:2d16b6196fb7a54aff6b5e3ecd00f7c0bab1b56eee39214b2b223a9d938c50af",
                "sha256:2fd8053e1f8ff1844419842fd474fc359676b2e2a2b66b11cc59f4fa0a301315",
                "sha256:31b265496e603985fad54d52d11970383e317d11e18e856971bdbb86af7242a4",
                "sha256:3586e12d874ce2f1bc875a3ffba98732ebb12e18fb6d97be482bd62b56803281",
                "sha256:47f5cf60bcb9fbc46011f75c9b45a8b5ad077ca352a78185bd3e7f1d294b98bb",
                "sha256:490e52e99224858f154975db61c060686df8a6b3f0212a678e5d2e2ce24675c9",
                "sha256:500d397ddf4bbf2ca42e198399ac13e7841956c72645513e8ddf243b31ad2128",
                "sha256:52abae4c96b5da630a8b4247de5428f593465291e5b239f3f843a911a3cf0105",
                "sha256:6579f9ba84a3d4f1807c4aab4be06f373017fc65fff43498885ac50a9b47a553",
                "sha256:68e06f8b2248f6dc8b899c3e7ecf02c9f413aab622f4d6190df53a78b93d97a5",
                "sha256:6c5439bfb35a89cac50e81c751317faea647b9a3ec11c039900cd6915831064d",
                "sha256:72c3110228944019e5f27232296c5923398496b28be42535e3b2dc7297b6e8b6",
                "sha256:72f649d93d4cc4d8cf79c91ebc25137c358718ad75f99e99e043325ea7d56100",
                "sha256:7aaf07085c756f6cb1c692ee0d5a86c531703b6e8c9cae581b31b562c16b98ce",
                "sha256:80fe92813d208ce8aa7d76da878bdc84b90809f79ccbad2a288e9bcbeac1d9bd",
                "sha256:95545137fc56ce8c10de646074d242001a112a92de169986abd8c88c27566a05",
                "sha256:97b6d21771da41497b81652d44191489296555b761684f82b7b544c49989110f",
                "sha256:98cb63ca63cb61f594511c06218ab4394bf80388b3d66cd61d0b1f63ee0ea69f",
                "sha256:9f3b4522148586d35e78313db4db0df4b759ddd7649ef70002b6c3767d0fdeb7",
                "sha256:a09a9d4ec2b7887f7a088bbaacfd5c07160e746e3d47ec5e8050ae3b2a229e9f",
                "sha256:b5050d681bcf5c9f2570b93bee5d3ec8ae4cf23158812f91ed57f7126df91762",
                "sha256:bb47a548cea95b86494a26c89d153fd31122ed65255db5dcbc421a2d28eb3379",
                "sha256:bc462d24500ba707e9cbdef436c16e5c8cbf29908278af053008d9f689f56dee",
                "sha256:c2067b3bb0781f14059b112c9da5a91c80a600a97915b4f48b37f197895dd925",
                "sha256:d154ed971a4cc04b93a6d5b47f37948d1f621f25de3e8fa0c26b2d44f24e3e8f",
                "sha256:d5dcea1387331c905405b09cdbfb34611050cc52c865d71f2362f354faee1e9f",
                "sha256:ee6e2963e92762923956fe5d3479b1fdc3b76c83f290aad131a2f98c3df0593e",
                "sha256:fd0e5062f11cb3e730450a7d9f323f4051b532781026395c4323b8ad055523c4"
            ],
            "index": "pypi",
            "version": "==9.0.0"
        },
        "pyparsing": {
            "hashes": [
                "sha256:04ff808a5b90911829c55c4e26f75fa5ca8a2f5f36aa3a51f68e27033341d3e4",
                "sha256:d9bdec0013ef1eb5a84ab39a3b3868911598afa494f5faa038647101504e2b81"
            ],
            "markers": "python_version >= '3.6'",
            "version": "==3.0.6"
        },
        "pyrsistent": {
            "hashes": [
                "sha256:097b96f129dd36a8c9e33594e7ebb151b1515eb52cceb08474c10a5479e799f2",
                "sha256:2aaf19dc8ce517a8653746d98e962ef480ff34b6bc563fc067be6401ffb457c7",
                "sha256:404e1f1d254d314d55adb8d87f4f465c8693d6f902f67eb6ef5b4526dc58e6ea",
                "sha256:48578680353f41dca1ca3dc48629fb77dfc745128b56fc01096b2530c13fd426",
                "sha256:4916c10896721e472ee12c95cdc2891ce5890898d2f9907b1b4ae0f53588b710",
                "sha256:527be2bfa8dc80f6f8ddd65242ba476a6c4fb4e3aedbf281dfbac1b1ed4165b1",
                "sha256:58a70d93fb79dc585b21f9d72487b929a6fe58da0754fa4cb9f279bb92369396",
                "sha256:5e4395bbf841693eaebaa5bb5c8f5cdbb1d139e07c975c682ec4e4f8126e03d2",
                "sha256:6b5eed00e597b5b5773b4ca30bd48a5774ef1e96f2a45d105db5b4ebb4bca680",
                "sha256:73ff61b1411e3fb0ba144b8f08d6749749775fe89688093e1efef9839d2dcc35",
                "sha256:772e94c2c6864f2cd2ffbe58bb3bdefbe2a32afa0acb1a77e472aac831f83427",
                "sha256:773c781216f8c2900b42a7b638d5b517bb134ae1acbebe4d1e8f1f41ea60eb4b",
                "sha256:a0c772d791c38bbc77be659af29bb14c38ced151433592e326361610250c605b",
                "sha256:b29b869cf58412ca5738d23691e96d8aff535e17390128a1a52717c9a109da4f",
                "sha256:c1a9ff320fa699337e05edcaae79ef8c2880b52720bc031b219e5b5008ebbdef",
                "sha256:cd3caef37a415fd0dae6148a1b6957a8c5f275a62cca02e18474608cb263640c",
                "sha256:d5ec194c9c573aafaceebf05fc400656722793dac57f254cd4741f3c27ae57b4",
                "sha256:da6e5e818d18459fa46fac0a4a4e543507fe1110e808101277c5a2b5bab0cd2d",
                "sha256:e79d94ca58fcafef6395f6352383fa1a76922268fa02caa2272fff501c2fdc78",
                "sha256:f3ef98d7b76da5eb19c37fda834d50262ff9167c65658d1d8f974d2e4d90676b",
                "sha256:f4c8cabb46ff8e5d61f56a037974228e978f26bfefce4f61a4b1ac0ba7a2ab72"
            ],
            "markers": "python_version >= '3.6'",
            "version": "==0.18.0"
        },
        "python-dateutil": {
            "hashes": [
                "sha256:0123cacc1627ae19ddf3c27a5de5bd67ee4586fbdd6440d9748f8abb483d3e86",
                "sha256:961d03dc3453ebbc59dbdea9e4e11c5651520a876d0f4db161e8674aae935da9"
            ],
            "markers": "python_version >= '2.7' and python_version not in '3.0, 3.1, 3.2, 3.3'",
            "version": "==2.8.2"
        },
        "requests": {
            "hashes": [
                "sha256:68d7c56fd5a8999887728ef304a6d12edc7be74f1cfa47714fc8b414525c9a61",
                "sha256:f22fa1e554c9ddfd16e6e41ac79759e17be9e492b3587efa038054674760e72d"
            ],
            "markers": "python_version >= '2.7' and python_version not in '3.0, 3.1, 3.2, 3.3, 3.4, 3.5'",
            "version": "==2.27.1"
        },
        "ruamel.yaml": {
            "hashes": [
                "sha256:4b8a33c1efb2b443a93fcaafcfa4d2e445f8e8c29c528d9f5cdafb7cc9e4004c",
                "sha256:810eef9c46523a3f77479c66267a4708255ebe806a2d540078408c2227f011af"
            ],
            "markers": "python_version >= '3'",
            "version": "==0.17.20"
        },
        "ruamel.yaml.clib": {
            "hashes": [
                "sha256:0847201b767447fc33b9c235780d3aa90357d20dd6108b92be544427bea197dd",
                "sha256:1070ba9dd7f9370d0513d649420c3b362ac2d687fe78c6e888f5b12bf8bc7bee",
                "sha256:1866cf2c284a03b9524a5cc00daca56d80057c5ce3cdc86a52020f4c720856f0",
                "sha256:221eca6f35076c6ae472a531afa1c223b9c29377e62936f61bc8e6e8bdc5f9e7",
                "sha256:31ea73e564a7b5fbbe8188ab8b334393e06d997914a4e184975348f204790277",
                "sha256:3fb9575a5acd13031c57a62cc7823e5d2ff8bc3835ba4d94b921b4e6ee664104",
                "sha256:4ff604ce439abb20794f05613c374759ce10e3595d1867764dd1ae675b85acbd",
                "sha256:6e7be2c5bcb297f5b82fee9c665eb2eb7001d1050deaba8471842979293a80b0",
                "sha256:72a2b8b2ff0a627496aad76f37a652bcef400fd861721744201ef1b45199ab78",
                "sha256:77df077d32921ad46f34816a9a16e6356d8100374579bc35e15bab5d4e9377de",
                "sha256:78988ed190206672da0f5d50c61afef8f67daa718d614377dcd5e3ed85ab4a99",
                "sha256:7b2927e92feb51d830f531de4ccb11b320255ee95e791022555971c466af4527",
                "sha256:7f7ecb53ae6848f959db6ae93bdff1740e651809780822270eab111500842a84",
                "sha256:825d5fccef6da42f3c8eccd4281af399f21c02b32d98e113dbc631ea6a6ecbc7",
                "sha256:846fc8336443106fe23f9b6d6b8c14a53d38cef9a375149d61f99d78782ea468",
                "sha256:89221ec6d6026f8ae859c09b9718799fea22c0e8da8b766b0b2c9a9ba2db326b",
                "sha256:9efef4aab5353387b07f6b22ace0867032b900d8e91674b5d8ea9150db5cae94",
                "sha256:a32f8d81ea0c6173ab1b3da956869114cae53ba1e9f72374032e33ba3118c233",
                "sha256:a49e0161897901d1ac9c4a79984b8410f450565bbad64dbfcbf76152743a0cdb",
                "sha256:ada3f400d9923a190ea8b59c8f60680c4ef8a4b0dfae134d2f2ff68429adfab5",
                "sha256:bf75d28fa071645c529b5474a550a44686821decebdd00e21127ef1fd566eabe",
                "sha256:cfdb9389d888c5b74af297e51ce357b800dd844898af9d4a547ffc143fa56751",
                "sha256:d67f273097c368265a7b81e152e07fb90ed395df6e552b9fa858c6d2c9f42502",
                "sha256:dc6a613d6c74eef5a14a214d433d06291526145431c3b964f5e16529b1842bed",
                "sha256:de9c6b8a1ba52919ae919f3ae96abb72b994dd0350226e28f3686cb4f142165c"
            ],
            "markers": "python_version < '3.11' and platform_python_implementation == 'CPython'",
            "version": "==0.2.6"
        },
        "semgrep": {
            "hashes": [
                "sha256:19c70e5d95898a4be7ce73acb5629d9623d16dd1bafb4fa6112b38db62742235",
                "sha256:439a3a2c42f8c5d7920f2f6021fba26bd48d3e4911fa91f103a484978043d89a",
                "sha256:5e6114301d485b584e84dbba8a87cc8bed4c2ac733efd8e7e8d6b54118bab2e0"
            ],
            "index": "pypi",
            "version": "==0.53.0"
        },
        "setuptools": {
            "hashes": [
                "sha256:2404879cda71495fc4d5cbc445ed52fdaddf352b36e40be8dcc63147cb4edabe",
                "sha256:68eb94073fc486091447fcb0501efd6560a0e5a1839ba249e5ff3c4c93f05f90"
            ],
            "markers": "python_version >= '3.7'",
            "version": "==60.5.0"
        },
        "six": {
            "hashes": [
                "sha256:1e61c37477a1626458e36f7b1d82aa5c9b094fa4802892072e49de9c60c4c926",
                "sha256:8abb2f1d86890a2dfb989f9a77cfcfd3e47c2a354b01111771326f8aa26e0254"
            ],
            "markers": "python_version >= '2.7' and python_version not in '3.0, 3.1, 3.2, 3.3'",
            "version": "==1.16.0"
        },
        "tqdm": {
            "hashes": [
                "sha256:8dd278a422499cd6b727e6ae4061c40b48fce8b76d1ccbf5d34fca9b7f925b0c",
                "sha256:d359de7217506c9851b7869f3708d8ee53ed70a1b8edbba4dbcb47442592920d"
            ],
            "markers": "python_version >= '2.7' and python_version not in '3.0, 3.1, 3.2, 3.3'",
            "version": "==4.62.3"
        },
        "urllib3": {
            "hashes": [
                "sha256:000ca7f471a233c2251c6c7023ee85305721bfdf18621ebff4fd17a8653427ed",
                "sha256:0e7c33d9a63e7ddfcb86780aac87befc2fbddf46c58dbb487e0855f7ceec283c"
            ],
            "markers": "python_version >= '2.7' and python_version not in '3.0, 3.1, 3.2, 3.3, 3.4' and python_version < '4'",
            "version": "==1.26.8"
        }
    },
    "develop": {}
}
